
Microsoft Visual Studio Solution File, Format Version 12.00
# Visual Studio Version 17
VisualStudioVersion = 17.9.34714.143
MinimumVisualStudioVersion = 10.0.40219.1
Project("{FAE04EC0-301F-11D3-BF4B-00C04F79EFBC}") = "PimFazendaUrbana", "PimFazendaUrbana\PimFazendaUrbana.csproj", "{7273C191-A4F9-4E6B-AB0D-50357F7BA102}"
EndProject
Global
	GlobalSection(SolutionConfigurationPlatforms) = preSolution
		Debug|Any CPU = Debug|Any CPU
		Release|Any CPU = Release|Any CPU
	EndGlobalSection
	GlobalSection(ProjectConfigurationPlatforms) = postSolution
		{7273C191-A4F9-4E6B-AB0D-50357F7BA102}.Debug|Any CPU.ActiveCfg = Debug|Any CPU
		{7273C191-A4F9-4E6B-AB0D-50357F7BA102}.Debug|Any CPU.Build.0 = Debug|Any CPU
		{7273C191-A4F9-4E6B-AB0D-50357F7BA102}.Release|Any CPU.ActiveCfg = Release|Any CPU
		{7273C191-A4F9-4E6B-AB0D-50357F7BA102}.Release|Any CPU.Build.0 = Release|Any CPU
	EndGlobalSection
	GlobalSection(SolutionProperties) = preSolution
		HideSolutionNode = FALSE
	EndGlobalSection
	GlobalSection(ExtensibilityGlobals) = postSolution
		SolutionGuid = {91C164B9-9007-4AE7-B360-B2ACFD117A4F}
	EndGlobalSection
EndGlobal
